
Microsoft Visual Studio Solution File, Format Version 12.00
# Visual Studio Version 16
VisualStudioVersion = 16.0.31727.386
MinimumVisualStudioVersion = 10.0.40219.1
Project("{2150E333-8FDC-42A3-9474-1A3956D46DE8}") = "Services", "Services", "{D18B3CCD-F1D4-4BE2-BA97-6FF96059A8C4}"
EndProject
Project("{2150E333-8FDC-42A3-9474-1A3956D46DE8}") = "Catalog", "Catalog", "{18E54B0C-B43D-4687-A088-5395BD4233DB}"
EndProject
Project("{FAE04EC0-301F-11D3-BF4B-00C04F79EFBC}") = "Catalog.API", "Services\Catalog\Catalog.API\Catalog.API.csproj", "{C877571E-D1D0-43A6-909F-BEF24ACF1A3F}"
EndProject
Project("{E53339B2-1760-4266-BCC7-CA923CBCF16C}") = "docker-compose", "docker-compose.dcproj", "{59058602-E2D6-442F-8A75-6A663004C5A8}"
EndProject
Global
	GlobalSection(SolutionConfigurationPlatforms) = preSolution
		Debug|Any CPU = Debug|Any CPU
		Release|Any CPU = Release|Any CPU
	EndGlobalSection
	GlobalSection(ProjectConfigurationPlatforms) = postSolution
		{C877571E-D1D0-43A6-909F-BEF24ACF1A3F}.Debug|Any CPU.ActiveCfg = Debug|Any CPU
		{C877571E-D1D0-43A6-909F-BEF24ACF1A3F}.Debug|Any CPU.Build.0 = Debug|Any CPU
		{C877571E-D1D0-43A6-909F-BEF24ACF1A3F}.Release|Any CPU.ActiveCfg = Release|Any CPU
		{C877571E-D1D0-43A6-909F-BEF24ACF1A3F}.Release|Any CPU.Build.0 = Release|Any CPU
		{59058602-E2D6-442F-8A75-6A663004C5A8}.Debug|Any CPU.ActiveCfg = Debug|Any CPU
		{59058602-E2D6-442F-8A75-6A663004C5A8}.Debug|Any CPU.Build.0 = Debug|Any CPU
		{59058602-E2D6-442F-8A75-6A663004C5A8}.Release|Any CPU.ActiveCfg = Release|Any CPU
		{59058602-E2D6-442F-8A75-6A663004C5A8}.Release|Any CPU.Build.0 = Release|Any CPU
	EndGlobalSection
	GlobalSection(SolutionProperties) = preSolution
		HideSolutionNode = FALSE
	EndGlobalSection
	GlobalSection(NestedProjects) = preSolution
		{18E54B0C-B43D-4687-A088-5395BD4233DB} = {D18B3CCD-F1D4-4BE2-BA97-6FF96059A8C4}
		{C877571E-D1D0-43A6-909F-BEF24ACF1A3F} = {18E54B0C-B43D-4687-A088-5395BD4233DB}
	EndGlobalSection
	GlobalSection(ExtensibilityGlobals) = postSolution
		SolutionGuid = {058DCAC2-6CEB-43E8-ADA5-01CE1BA09798}
	EndGlobalSection
EndGlobal
