
Microsoft Visual Studio Solution File, Format Version 12.00
# Visual Studio Version 16
VisualStudioVersion = 16.0.31727.386
MinimumVisualStudioVersion = 10.0.40219.1
Project("{2150E333-8FDC-42A3-9474-1A3956D46DE8}") = "Services", "Services", "{D18B3CCD-F1D4-4BE2-BA97-6FF96059A8C4}"
EndProject
Project("{2150E333-8FDC-42A3-9474-1A3956D46DE8}") = "Catalog", "Catalog", "{18E54B0C-B43D-4687-A088-5395BD4233DB}"
EndProject
Project("{9A19103F-16F7-4668-BE54-9A1E7A4F7556}") = "Catalog.API", "Services\Catalog\Catalog.API\Catalog.API.csproj", "{C877571E-D1D0-43A6-909F-BEF24ACF1A3F}"
EndProject
Project("{E53339B2-1760-4266-BCC7-CA923CBCF16C}") = "docker-compose", "docker-compose.dcproj", "{59058602-E2D6-442F-8A75-6A663004C5A8}"
EndProject
Project("{2150E333-8FDC-42A3-9474-1A3956D46DE8}") = "Basket", "Basket", "{3E8FF1A1-8093-4401-ABA4-DB1EA30C3B30}"
EndProject
Project("{9A19103F-16F7-4668-BE54-9A1E7A4F7556}") = "Basket.API", "Services\Basket\Basket.API\Basket.API.csproj", "{51615F85-3043-49A4-9231-5CC80276B0CD}"
EndProject
Project("{2150E333-8FDC-42A3-9474-1A3956D46DE8}") = "Discount", "Discount", "{0F9FA777-E8C3-486A-BF95-806DA5F53C4C}"
EndProject
Project("{9A19103F-16F7-4668-BE54-9A1E7A4F7556}") = "Discount.API", "Services\Discount\Discount.API\Discount.API.csproj", "{0818BAA8-5DCD-4DD5-B3D9-2842548F5865}"
EndProject
Project("{9A19103F-16F7-4668-BE54-9A1E7A4F7556}") = "Discount.Grpc", "Services\Discount\Discount.Grpc\Discount.Grpc.csproj", "{6F90C094-0FB9-4B7C-8625-F92E2BC0C3E5}"
EndProject
Project("{2150E333-8FDC-42A3-9474-1A3956D46DE8}") = "Ordering", "Ordering", "{07A03CD0-4851-4084-AB99-0EA17CDE47F9}"
EndProject
Project("{FAE04EC0-301F-11D3-BF4B-00C04F79EFBC}") = "Ordering.API", "Services\Ordering\Ordering.API\Ordering.API.csproj", "{F1CBA5A6-61D6-4515-A3A5-F6A865094CE6}"
EndProject
Project("{FAE04EC0-301F-11D3-BF4B-00C04F79EFBC}") = "Ordering.Domain", "Services\Ordering\Ordering.Domain\Ordering.Domain.csproj", "{ADDF3716-F2D1-4465-937B-78C1E8D8C55F}"
EndProject
Project("{FAE04EC0-301F-11D3-BF4B-00C04F79EFBC}") = "Ordering.Application", "Services\Ordering\Ordering.Application\Ordering.Application.csproj", "{9013CCA1-F85C-4084-BB7F-38FA26247CB5}"
EndProject
Project("{FAE04EC0-301F-11D3-BF4B-00C04F79EFBC}") = "Ordering.Infrastructure", "Services\Ordering\Ordering.Infrastructure\Ordering.Infrastructure.csproj", "{0F791123-33B4-47BB-ACAC-7E7D60B30399}"
EndProject
Global
	GlobalSection(SolutionConfigurationPlatforms) = preSolution
		Debug|Any CPU = Debug|Any CPU
		Release|Any CPU = Release|Any CPU
	EndGlobalSection
	GlobalSection(ProjectConfigurationPlatforms) = postSolution
		{C877571E-D1D0-43A6-909F-BEF24ACF1A3F}.Debug|Any CPU.ActiveCfg = Debug|Any CPU
		{C877571E-D1D0-43A6-909F-BEF24ACF1A3F}.Debug|Any CPU.Build.0 = Debug|Any CPU
		{C877571E-D1D0-43A6-909F-BEF24ACF1A3F}.Release|Any CPU.ActiveCfg = Release|Any CPU
		{C877571E-D1D0-43A6-909F-BEF24ACF1A3F}.Release|Any CPU.Build.0 = Release|Any CPU
		{59058602-E2D6-442F-8A75-6A663004C5A8}.Debug|Any CPU.ActiveCfg = Debug|Any CPU
		{59058602-E2D6-442F-8A75-6A663004C5A8}.Debug|Any CPU.Build.0 = Debug|Any CPU
		{59058602-E2D6-442F-8A75-6A663004C5A8}.Release|Any CPU.ActiveCfg = Release|Any CPU
		{59058602-E2D6-442F-8A75-6A663004C5A8}.Release|Any CPU.Build.0 = Release|Any CPU
		{51615F85-3043-49A4-9231-5CC80276B0CD}.Debug|Any CPU.ActiveCfg = Debug|Any CPU
		{51615F85-3043-49A4-9231-5CC80276B0CD}.Debug|Any CPU.Build.0 = Debug|Any CPU
		{51615F85-3043-49A4-9231-5CC80276B0CD}.Release|Any CPU.ActiveCfg = Release|Any CPU
		{51615F85-3043-49A4-9231-5CC80276B0CD}.Release|Any CPU.Build.0 = Release|Any CPU
		{0818BAA8-5DCD-4DD5-B3D9-2842548F5865}.Debug|Any CPU.ActiveCfg = Debug|Any CPU
		{0818BAA8-5DCD-4DD5-B3D9-2842548F5865}.Debug|Any CPU.Build.0 = Debug|Any CPU
		{0818BAA8-5DCD-4DD5-B3D9-2842548F5865}.Release|Any CPU.ActiveCfg = Release|Any CPU
		{0818BAA8-5DCD-4DD5-B3D9-2842548F5865}.Release|Any CPU.Build.0 = Release|Any CPU
		{6F90C094-0FB9-4B7C-8625-F92E2BC0C3E5}.Debug|Any CPU.ActiveCfg = Debug|Any CPU
		{6F90C094-0FB9-4B7C-8625-F92E2BC0C3E5}.Debug|Any CPU.Build.0 = Debug|Any CPU
		{6F90C094-0FB9-4B7C-8625-F92E2BC0C3E5}.Release|Any CPU.ActiveCfg = Release|Any CPU
		{6F90C094-0FB9-4B7C-8625-F92E2BC0C3E5}.Release|Any CPU.Build.0 = Release|Any CPU
		{F1CBA5A6-61D6-4515-A3A5-F6A865094CE6}.Debug|Any CPU.ActiveCfg = Debug|Any CPU
		{F1CBA5A6-61D6-4515-A3A5-F6A865094CE6}.Debug|Any CPU.Build.0 = Debug|Any CPU
		{F1CBA5A6-61D6-4515-A3A5-F6A865094CE6}.Release|Any CPU.ActiveCfg = Release|Any CPU
		{F1CBA5A6-61D6-4515-A3A5-F6A865094CE6}.Release|Any CPU.Build.0 = Release|Any CPU
		{ADDF3716-F2D1-4465-937B-78C1E8D8C55F}.Debug|Any CPU.ActiveCfg = Debug|Any CPU
		{ADDF3716-F2D1-4465-937B-78C1E8D8C55F}.Debug|Any CPU.Build.0 = Debug|Any CPU
		{ADDF3716-F2D1-4465-937B-78C1E8D8C55F}.Release|Any CPU.ActiveCfg = Release|Any CPU
		{ADDF3716-F2D1-4465-937B-78C1E8D8C55F}.Release|Any CPU.Build.0 = Release|Any CPU
		{9013CCA1-F85C-4084-BB7F-38FA26247CB5}.Debug|Any CPU.ActiveCfg = Debug|Any CPU
		{9013CCA1-F85C-4084-BB7F-38FA26247CB5}.Debug|Any CPU.Build.0 = Debug|Any CPU
		{9013CCA1-F85C-4084-BB7F-38FA26247CB5}.Release|Any CPU.ActiveCfg = Release|Any CPU
		{9013CCA1-F85C-4084-BB7F-38FA26247CB5}.Release|Any CPU.Build.0 = Release|Any CPU
		{0F791123-33B4-47BB-ACAC-7E7D60B30399}.Debug|Any CPU.ActiveCfg = Debug|Any CPU
		{0F791123-33B4-47BB-ACAC-7E7D60B30399}.Debug|Any CPU.Build.0 = Debug|Any CPU
		{0F791123-33B4-47BB-ACAC-7E7D60B30399}.Release|Any CPU.ActiveCfg = Release|Any CPU
		{0F791123-33B4-47BB-ACAC-7E7D60B30399}.Release|Any CPU.Build.0 = Release|Any CPU
	EndGlobalSection
	GlobalSection(SolutionProperties) = preSolution
		HideSolutionNode = FALSE
	EndGlobalSection
	GlobalSection(NestedProjects) = preSolution
		{18E54B0C-B43D-4687-A088-5395BD4233DB} = {D18B3CCD-F1D4-4BE2-BA97-6FF96059A8C4}
		{C877571E-D1D0-43A6-909F-BEF24ACF1A3F} = {18E54B0C-B43D-4687-A088-5395BD4233DB}
		{3E8FF1A1-8093-4401-ABA4-DB1EA30C3B30} = {D18B3CCD-F1D4-4BE2-BA97-6FF96059A8C4}
		{51615F85-3043-49A4-9231-5CC80276B0CD} = {3E8FF1A1-8093-4401-ABA4-DB1EA30C3B30}
		{0F9FA777-E8C3-486A-BF95-806DA5F53C4C} = {D18B3CCD-F1D4-4BE2-BA97-6FF96059A8C4}
		{0818BAA8-5DCD-4DD5-B3D9-2842548F5865} = {0F9FA777-E8C3-486A-BF95-806DA5F53C4C}
		{6F90C094-0FB9-4B7C-8625-F92E2BC0C3E5} = {0F9FA777-E8C3-486A-BF95-806DA5F53C4C}
		{07A03CD0-4851-4084-AB99-0EA17CDE47F9} = {D18B3CCD-F1D4-4BE2-BA97-6FF96059A8C4}
		{F1CBA5A6-61D6-4515-A3A5-F6A865094CE6} = {07A03CD0-4851-4084-AB99-0EA17CDE47F9}
		{ADDF3716-F2D1-4465-937B-78C1E8D8C55F} = {07A03CD0-4851-4084-AB99-0EA17CDE47F9}
		{9013CCA1-F85C-4084-BB7F-38FA26247CB5} = {07A03CD0-4851-4084-AB99-0EA17CDE47F9}
		{0F791123-33B4-47BB-ACAC-7E7D60B30399} = {07A03CD0-4851-4084-AB99-0EA17CDE47F9}
	EndGlobalSection
	GlobalSection(ExtensibilityGlobals) = postSolution
		SolutionGuid = {058DCAC2-6CEB-43E8-ADA5-01CE1BA09798}
	EndGlobalSection
EndGlobal
